{
  "name": "gedkirkham.dev",
  "version": "1.0.0",
  "lockfileVersion": 1,
  "requires": true,
  "dependencies": {
    "gk-wc-button": {
      "version": "0.4.1",
      "resolved": "https://registry.npmjs.org/gk-wc-button/-/gk-wc-button-0.4.1.tgz",
      "integrity": "sha512-AjgKuTSNTSNeORrwIu7v78fLv8b6Gjl13YccRM+a/Nt43To4wFT1g3nS+XKtN81B7W200S2SszgrVqpytOCH8A=="
    }
  }
}
