{
  "name": "gedkirkham.dev",
  "version": "1.0.0",
  "lockfileVersion": 2,
  "requires": true,
  "packages": {
    "": {
      "version": "1.0.0",
      "license": "ISC",
      "dependencies": {
        "gk-wc-button": "^0.7.0"
      }
    },
    "node_modules/gk-wc-button": {
      "version": "0.7.0",
      "resolved": "https://registry.npmjs.org/gk-wc-button/-/gk-wc-button-0.7.0.tgz",
      "integrity": "sha512-9KzPLjClMyZza6tWzTvJI6n8SiNTdEvg9L1JnYpbhyKydgUxtkhdZFRcszlTBGrkTQMktuYenaKn0PI4PJjZxA==",
      "license": "ISC"
    }
  },
  "dependencies": {
    "gk-wc-button": {
      "version": "0.7.0",
      "resolved": "https://registry.npmjs.org/gk-wc-button/-/gk-wc-button-0.7.0.tgz",
      "integrity": "sha512-9KzPLjClMyZza6tWzTvJI6n8SiNTdEvg9L1JnYpbhyKydgUxtkhdZFRcszlTBGrkTQMktuYenaKn0PI4PJjZxA=="
    }
  }
}
