{
  "name": "gedkirkham.dev",
  "version": "1.0.0",
  "lockfileVersion": 1,
  "requires": true,
  "dependencies": {
    "gk-wc-button": {
      "version": "0.1.0",
      "resolved": "https://registry.npmjs.org/gk-wc-button/-/gk-wc-button-0.1.0.tgz",
      "integrity": "sha512-l4GHNkak1mAMlIH51zVrW7cnh2imHg/+ptquvyOMYaOgE0LLHTR1gBAzM1fFVxgSkl5jUqwaI1/xflEUMXZ1eg=="
    }
  }
}
